// !$*UTF8*$!
{
	archiveVersion = 1;
	classes = {
	};
	objectVersion = 46;
	objects = {

/* Begin PBXBuildFile section */
		1B49B6811D116C3000773F95 /* AppDelegate.swift in Sources */ = {isa = PBXBuildFile; fileRef = 1B49B6801D116C3000773F95 /* AppDelegate.swift */; };
		1B49B6831D116C3000773F95 /* ViewController.swift in Sources */ = {isa = PBXBuildFile; fileRef = 1B49B6821D116C3000773F95 /* ViewController.swift */; };
		1B49B6861D116C3000773F95 /* Main.storyboard in Resources */ = {isa = PBXBuildFile; fileRef = 1B49B6841D116C3000773F95 /* Main.storyboard */; };
		1B49B6881D116C3000773F95 /* Assets.xcassets in Resources */ = {isa = PBXBuildFile; fileRef = 1B49B6871D116C3000773F95 /* Assets.xcassets */; };
		1B49B68B1D116C3000773F95 /* LaunchScreen.storyboard in Resources */ = {isa = PBXBuildFile; fileRef = 1B49B6891D116C3000773F95 /* LaunchScreen.storyboard */; };
		1B49B6931D116D1B00773F95 /* CenteredFlowLayout.swift in Sources */ = {isa = PBXBuildFile; fileRef = 1B49B6921D116D1B00773F95 /* CenteredFlowLayout.swift */; };
/* End PBXBuildFile section */

/* Begin PBXFileReference section */
		1B49B67D1D116C2F00773F95 /* CenteredFlowLayout.app */ = {isa = PBXFileReference; explicitFileType = wrapper.application; includeInIndex = 0; path = CenteredFlowLayout.app; sourceTree = BUILT_PRODUCTS_DIR; };
		1B49B6801D116C3000773F95 /* AppDelegate.swift */ = {isa = PBXFileReference; lastKnownFileType = sourcecode.swift; path = AppDelegate.swift; sourceTree = "<group>"; };
		1B49B6821D116C3000773F95 /* ViewController.swift */ = {isa = PBXFileReference; lastKnownFileType = sourcecode.swift; path = ViewController.swift; sourceTree = "<group>"; };
		1B49B6851D116C3000773F95 /* Base */ = {isa = PBXFileReference; lastKnownFileType = file.storyboard; name = Base; path = Base.lproj/Main.storyboard; sourceTree = "<group>"; };
		1B49B6871D116C3000773F95 /* Assets.xcassets */ = {isa = PBXFileReference; lastKnownFileType = folder.assetcatalog; path = Assets.xcassets; sourceTree = "<group>"; };
		1B49B68A1D116C3000773F95 /* Base */ = {isa = PBXFileReference; lastKnownFileType = file.storyboard; name = Base; path = Base.lproj/LaunchScreen.storyboard; sourceTree = "<group>"; };
		1B49B68C1D116C3000773F95 /* Info.plist */ = {isa = PBXFileReference; lastKnownFileType = text.plist.xml; path = Info.plist; sourceTree = "<group>"; };
		1B49B6921D116D1B00773F95 /* CenteredFlowLayout.swift */ = {isa = PBXFileReference; fileEncoding = 4; lastKnownFileType = sourcecode.swift; path = CenteredFlowLayout.swift; sourceTree = "<group>"; };
/* End PBXFileReference section */

/* Begin PBXFrameworksBuildPhase section */
		1B49B67A1D116C2F00773F95 /* Frameworks */ = {
			isa = PBXFrameworksBuildPhase;
			buildActionMask = 2147483647;
			files = (
			);
			runOnlyForDeploymentPostprocessing = 0;
		};
/* End PBXFrameworksBuildPhase section */

/* Begin PBXGroup section */
		1B49B6741D116C2F00773F95 = {
			isa = PBXGroup;
			children = (
				1B49B67F1D116C3000773F95 /* CenteredFlowLayout */,
				1B49B67E1D116C2F00773F95 /* Products */,
			);
			sourceTree = "<group>";
		};
		1B49B67E1D116C2F00773F95 /* Products */ = {
			isa = PBXGroup;
			children = (
				1B49B67D1D116C2F00773F95 /* CenteredFlowLayout.app */,
			);
			name = Products;
			sourceTree = "<group>";
		};
		1B49B67F1D116C3000773F95 /* CenteredFlowLayout */ = {
			isa = PBXGroup;
			children = (
				1B49B6801D116C3000773F95 /* AppDelegate.swift */,
				1B49B6821D116C3000773F95 /* ViewController.swift */,
				1B49B6841D116C3000773F95 /* Main.storyboard */,
				1B49B6871D116C3000773F95 /* Assets.xcassets */,
				1B49B6891D116C3000773F95 /* LaunchScreen.storyboard */,
				1B49B68C1D116C3000773F95 /* Info.plist */,
				1B49B6921D116D1B00773F95 /* CenteredFlowLayout.swift */,
			);
			path = CenteredFlowLayout;
			sourceTree = "<group>";
		};
/* End PBXGroup section */

/* Begin PBXNativeTarget section */
		1B49B67C1D116C2F00773F95 /* CenteredFlowLayout */ = {
			isa = PBXNativeTarget;
			buildConfigurationList = 1B49B68F1D116C3000773F95 /* Build configuration list for PBXNativeTarget "CenteredFlowLayout" */;
			buildPhases = (
				1B49B6791D116C2F00773F95 /* Sources */,
				1B49B67A1D116C2F00773F95 /* Frameworks */,
				1B49B67B1D116C2F00773F95 /* Resources */,
			);
			buildRules = (
			);
			dependencies = (
			);
			name = CenteredFlowLayout;
			productName = CenteredFlowLayout;
			productReference = 1B49B67D1D116C2F00773F95 /* CenteredFlowLayout.app */;
			productType = "com.apple.product-type.application";
		};
/* End PBXNativeTarget section */

/* Begin PBXProject section */
		1B49B6751D116C2F00773F95 /* Project object */ = {
			isa = PBXProject;
			attributes = {
				LastSwiftUpdateCheck = 0730;
				LastUpgradeCheck = 0730;
				ORGANIZATIONNAME = xissburg;
				TargetAttributes = {
					1B49B67C1D116C2F00773F95 = {
						CreatedOnToolsVersion = 7.3.1;
					};
				};
			};
			buildConfigurationList = 1B49B6781D116C2F00773F95 /* Build configuration list for PBXProject "CenteredFlowLayout" */;
			compatibilityVersion = "Xcode 3.2";
			developmentRegion = English;
			hasScannedForEncodings = 0;
			knownRegions = (
				en,
				Base,
			);
			mainGroup = 1B49B6741D116C2F00773F95;
			productRefGroup = 1B49B67E1D116C2F00773F95 /* Products */;
			projectDirPath = "";
			projectRoot = "";
			targets = (
				1B49B67C1D116C2F00773F95 /* CenteredFlowLayout */,
			);
		};
/* End PBXProject section */

/* Begin PBXResourcesBuildPhase section */
		1B49B67B1D116C2F00773F95 /* Resources */ = {
			isa = PBXResourcesBuildPhase;
			buildActionMask = 2147483647;
			files = (
				1B49B68B1D116C3000773F95 /* LaunchScreen.storyboard in Resources */,
				1B49B6881D116C3000773F95 /* Assets.xcassets in Resources */,
				1B49B6861D116C3000773F95 /* Main.storyboard in Resources */,
			);
			runOnlyForDeploymentPostprocessing = 0;
		};
/* End PBXResourcesBuildPhase section */

/* Begin PBXSourcesBuildPhase section */
		1B49B6791D116C2F00773F95 /* Sources */ = {
			isa = PBXSourcesBuildPhase;
			buildActionMask = 2147483647;
			files = (
				1B49B6831D116C3000773F95 /* ViewController.swift in Sources */,
				1B49B6931D116D1B00773F95 /* CenteredFlowLayout.swift in Sources */,
				1B49B6811D116C3000773F95 /* AppDelegate.swift in Sources */,
			);
			runOnlyForDeploymentPostprocessing = 0;
		};
/* End PBXSourcesBuildPhase section */

/* Begin PBXVariantGroup section */
		1B49B6841D116C3000773F95 /* Main.storyboard */ = {
			isa = PBXVariantGroup;
			children = (
				1B49B6851D116C3000773F95 /* Base */,
			);
			name = Main.storyboard;
			sourceTree = "<group>";
		};
		1B49B6891D116C3000773F95 /* LaunchScreen.storyboard */ = {
			isa = PBXVariantGroup;
			children = (
				1B49B68A1D116C3000773F95 /* Base */,
			);
			name = LaunchScreen.storyboard;
			sourceTree = "<group>";
		};
/* End PBXVariantGroup section */

/* Begin XCBuildConfiguration section */
		1B49B68D1D116C3000773F95 /* Debug */ = {
			isa = XCBuildConfiguration;
			buildSettings = {
				ALWAYS_SEARCH_USER_PATHS = NO;
				CLANG_ANALYZER_NONNULL = YES;
				CLANG_CXX_LANGUAGE_STANDARD = "gnu++0x";
				CLANG_CXX_LIBRARY = "libc++";
				CLANG_ENABLE_MODULES = YES;
				CLANG_ENABLE_OBJC_ARC = YES;
				CLANG_WARN_BOOL_CONVERSION = YES;
				CLANG_WARN_CONSTANT_CONVERSION = YES;
				CLANG_WARN_DIRECT_OBJC_ISA_USAGE = YES_ERROR;
				CLANG_WARN_EMPTY_BODY = YES;
				CLANG_WARN_ENUM_CONVERSION = YES;
				CLANG_WARN_INT_CONVERSION = YES;
				CLANG_WARN_OBJC_ROOT_CLASS = YES_ERROR;
				CLANG_WARN_UNREACHABLE_CODE = YES;
				CLANG_WARN__DUPLICATE_METHOD_MATCH = YES;
				"CODE_SIGN_IDENTITY[sdk=iphoneos*]" = "iPhone Developer";
				COPY_PHASE_STRIP = NO;
				DEBUG_INFORMATION_FORMAT = dwarf;
				ENABLE_STRICT_OBJC_MSGSEND = YES;
				ENABLE_TESTABILITY = YES;
				GCC_C_LANGUAGE_STANDARD = gnu99;
				GCC_DYNAMIC_NO_PIC = NO;
				GCC_NO_COMMON_BLOCKS = YES;
				GCC_OPTIMIZATION_LEVEL = 0;
				GCC_PREPROCESSOR_DEFINITIONS = (
					"DEBUG=1",
					"$(inherited)",
				);
				GCC_WARN_64_TO_32_BIT_CONVERSION = YES;
				GCC_WARN_ABOUT_RETURN_TYPE = YES_ERROR;
				GCC_WARN_UNDECLARED_SELECTOR = YES;
				GCC_WARN_UNINITIALIZED_AUTOS = YES_AGGRESSIVE;
				GCC_WARN_UNUSED_FUNCTION = YES;
				GCC_WARN_UNUSED_VARIABLE = YES;
				IPHONEOS_DEPLOYMENT_TARGET = 9.3;
				MTL_ENABLE_DEBUG_INFO = YES;
				ONLY_ACTIVE_ARCH = YES;
				SDKROOT = iphoneos;
				SWIFT_OPTIMIZATION_LEVEL = "-Onone";
				TARGETED_DEVICE_FAMILY = "1,2";
			};
			name = Debug;
		};
		1B49B68E1D116C3000773F95 /* Release */ = {
			isa = XCBuildConfiguration;
			buildSettings = {
				ALWAYS_SEARCH_USER_PATHS = NO;
				CLANG_ANALYZER_NONNULL = YES;
				CLANG_CXX_LANGUAGE_STANDARD = "gnu++0x";
				CLANG_CXX_LIBRARY = "libc++";
				CLANG_ENABLE_MODULES = YES;
				CLANG_ENABLE_OBJC_ARC = YES;
				CLANG_WARN_BOOL_CONVERSION = YES;
				CLANG_WARN_CONSTANT_CONVERSION = YES;
				CLANG_WARN_DIRECT_OBJC_ISA_USAGE = YES_ERROR;
				CLANG_WARN_EMPTY_BODY = YES;
				CLANG_WARN_ENUM_CONVERSION = YES;
				CLANG_WARN_INT_CONVERSION = YES;
				CLANG_WARN_OBJC_ROOT_CLASS = YES_ERROR;
				CLANG_WARN_UNREACHABLE_CODE = YES;
				CLANG_WARN__DUPLICATE_METHOD_MATCH = YES;
				"CODE_SIGN_IDENTITY[sdk=iphoneos*]" = "iPhone Developer";
				COPY_PHASE_STRIP = NO;
				DEBUG_INFORMATION_FORMAT = "dwarf-with-dsym";
				ENABLE_NS_ASSERTIONS = NO;
				ENABLE_STRICT_OBJC_MSGSEND = YES;
				GCC_C_LANGUAGE_STANDARD = gnu99;
				GCC_NO_COMMON_BLOCKS = YES;
				GCC_WARN_64_TO_32_BIT_CONVERSION = YES;
				GCC_WARN_ABOUT_RETURN_TYPE = YES_ERROR;
				GCC_WARN_UNDECLARED_SELECTOR = YES;
				GCC_WARN_UNINITIALIZED_AUTOS = YES_AGGRESSIVE;
				GCC_WARN_UNUSED_FUNCTION = YES;
				GCC_WARN_UNUSED_VARIABLE = YES;
				IPHONEOS_DEPLOYMENT_TARGET = 9.3;
				MTL_ENABLE_DEBUG_INFO = NO;
				SDKROOT = iphoneos;
				TARGETED_DEVICE_FAMILY = "1,2";
				VALIDATE_PRODUCT = YES;
			};
			name = Release;
		};
		1B49B6901D116C3000773F95 /* Debug */ = {
			isa = XCBuildConfiguration;
			buildSettings = {
				ASSETCATALOG_COMPILER_APPICON_NAME = AppIcon;
				INFOPLIST_FILE = CenteredFlowLayout/Info.plist;
				LD_RUNPATH_SEARCH_PATHS = "$(inherited) @executable_path/Frameworks";
				PRODUCT_BUNDLE_IDENTIFIER = com.xissburg.CenteredFlowLayout;
				PRODUCT_NAME = "$(TARGET_NAME)";
			};
			name = Debug;
		};
		1B49B6911D116C3000773F95 /* Release */ = {
			isa = XCBuildConfiguration;
			buildSettings = {
				ASSETCATALOG_COMPILER_APPICON_NAME = AppIcon;
				INFOPLIST_FILE = CenteredFlowLayout/Info.plist;
				LD_RUNPATH_SEARCH_PATHS = "$(inherited) @executable_path/Frameworks";
				PRODUCT_BUNDLE_IDENTIFIER = com.xissburg.CenteredFlowLayout;
				PRODUCT_NAME = "$(TARGET_NAME)";
			};
			name = Release;
		};
/* End XCBuildConfiguration section */

/* Begin XCConfigurationList section */
		1B49B6781D116C2F00773F95 /* Build configuration list for PBXProject "CenteredFlowLayout" */ = {
			isa = XCConfigurationList;
			buildConfigurations = (
				1B49B68D1D116C3000773F95 /* Debug */,
				1B49B68E1D116C3000773F95 /* Release */,
			);
			defaultConfigurationIsVisible = 0;
			defaultConfigurationName = Release;
		};
		1B49B68F1D116C3000773F95 /* Build configuration list for PBXNativeTarget "CenteredFlowLayout" */ = {
			isa = XCConfigurationList;
			buildConfigurations = (
				1B49B6901D116C3000773F95 /* Debug */,
				1B49B6911D116C3000773F95 /* Release */,
			);
			defaultConfigurationIsVisible = 0;
		};
/* End XCConfigurationList section */
	};
	rootObject = 1B49B6751D116C2F00773F95 /* Project object */;
}
